
Microsoft Visual Studio Solution File, Format Version 12.00
# Visual Studio Version 16
VisualStudioVersion = 16.0.30717.126
MinimumVisualStudioVersion = 10.0.40219.1
Project("{FAE04EC0-301F-11D3-BF4B-00C04F79EFBC}") = "TwentyFourDaysIn.StazorPages.Heartcore", "TwentyFourDaysIn.StazorPages.Heartcore\TwentyFourDaysIn.StazorPages.Heartcore.csproj", "{F3E6A35A-9C80-4F7A-B24E-353A5939CDFA}"
EndProject
Global
	GlobalSection(SolutionConfigurationPlatforms) = preSolution
		Debug|Any CPU = Debug|Any CPU
		Release|Any CPU = Release|Any CPU
	EndGlobalSection
	GlobalSection(ProjectConfigurationPlatforms) = postSolution
		{F3E6A35A-9C80-4F7A-B24E-353A5939CDFA}.Debug|Any CPU.ActiveCfg = Debug|Any CPU
		{F3E6A35A-9C80-4F7A-B24E-353A5939CDFA}.Debug|Any CPU.Build.0 = Debug|Any CPU
		{F3E6A35A-9C80-4F7A-B24E-353A5939CDFA}.Release|Any CPU.ActiveCfg = Release|Any CPU
		{F3E6A35A-9C80-4F7A-B24E-353A5939CDFA}.Release|Any CPU.Build.0 = Release|Any CPU
	EndGlobalSection
	GlobalSection(SolutionProperties) = preSolution
		HideSolutionNode = FALSE
	EndGlobalSection
	GlobalSection(ExtensibilityGlobals) = postSolution
		SolutionGuid = {47E405D1-08DF-4871-AEAD-602478D6C659}
	EndGlobalSection
EndGlobal
